{
  "name": "p42-prizes-node-workspace",
  "version": "0.1.0",
  "lockfileVersion": 3,
  "requires": true,
  "packages": {
    "": {
      "name": "p42-prizes-node-workspace",
      "version": "0.1.0",
      "workspaces": [
        "agent",
        "contracts"
      ],
      "engines": {
        "node": "24.11.1",
        "npm": "11.6.2"
      }
    },
    "agent": {
      "name": "p42-agent",
      "version": "0.1.0",
      "dependencies": {
        "ajv": "8.20.0",
        "arweave": "^1.15.7",
        "ethers": "^6.17.0",
        "multiformats": "^13.4.2"
      },
      "bin": {
        "p42-censorship-fallback": "censorship-fallback-run.mjs",
        "p42-censorship-fallback-alert": "censorship-fallback-alert.mjs",
        "p42-censorship-fallback-supervisor": "censorship-fallback-supervisor.mjs",
        "p42-censorship-fallback-verify": "censorship-fallback-verify.mjs",
        "p42-chain-monitor": "chain-monitor.mjs",
        "p42-funding-activate": "funding-activation-run.mjs",
        "p42-funding-activation-plan": "funding-activation.mjs",
        "p42-funding-authorization-assemble": "funding-authorization-signatures.mjs",
        "p42-funding-authorization-request": "funding-authorization-signatures.mjs",
        "p42-indexer-checkpoint-attest": "checkpoint-attest.mjs",
        "p42-indexer-checkpoint-validate": "checkpoint-validate.mjs",
        "p42-indexer-service": "indexer-service.mjs",
        "p42-open-witness-collect": "open-witness-promote.mjs",
        "p42-resolve": "resolver.mjs",
        "p42-resolver-rerun": "resolver-rerun-executor.mjs",
        "p42-resolver-rerun-dispatch": "resolver-rerun-dispatcher.mjs",
        "p42-resolver-sign": "resolver-signer.mjs",
        "p42-role-acceptance-assemble": "role-acceptance-cli.mjs",
        "p42-role-acceptance-prepare": "role-acceptance-cli.mjs",
        "p42-runtime-supervisor": "runtime-supervisor.mjs",
        "p42-solve": "solver.mjs"
      }
    },
    "agent/node_modules/@adraffy/ens-normalize": {
      "version": "1.11.1",
      "license": "MIT"
    },
    "agent/node_modules/@noble/curves": {
      "version": "1.2.0",
      "license": "MIT",
      "dependencies": {
        "@noble/hashes": "1.3.2"
      },
      "funding": {
        "url": "https://paulmillr.com/funding/"
      }
    },
    "agent/node_modules/@noble/hashes": {
      "version": "1.3.2",
      "license": "MIT",
      "engines": {
        "node": ">= 16"
      },
      "funding": {
        "url": "https://paulmillr.com/funding/"
      }
    },
    "agent/node_modules/@types/node": {
      "version": "22.7.5",
      "license": "MIT",
      "dependencies": {
        "undici-types": "~6.19.2"
      }
    },
    "agent/node_modules/aes-js": {
      "version": "4.0.0-beta.5",
      "license": "MIT"
    },
    "agent/node_modules/ajv": {
      "version": "8.20.0",
      "license": "MIT",
      "dependencies": {
        "fast-deep-equal": "^3.1.3",
        "fast-uri": "^3.0.1",
        "json-schema-traverse": "^1.0.0",
        "require-from-string": "^2.0.2"
      },
      "funding": {
        "type": "github",
        "url": "https://github.com/sponsors/epoberezkin"
      }
    },
    "agent/node_modules/arconnect": {
      "version": "0.4.2",
      "license": "MIT",
      "dependencies": {
        "arweave": "^1.10.13"
      }
    },
    "agent/node_modules/arweave": {
      "version": "1.15.7",
      "license": "MIT",
      "dependencies": {
        "arconnect": "^0.4.2",
        "asn1.js": "^5.4.1",
        "base64-js": "^1.5.1",
        "bignumber.js": "^9.0.2"
      },
      "engines": {
        "node": ">=18"
      }
    },
    "agent/node_modules/asn1.js": {
      "version": "5.4.1",
      "license": "MIT",
      "dependencies": {
        "bn.js": "^4.0.0",
        "inherits": "^2.0.1",
        "minimalistic-assert": "^1.0.0",
        "safer-buffer": "^2.1.0"
      }
    },
    "agent/node_modules/asn1.js/node_modules/bn.js": {
      "version": "4.12.4",
      "license": "MIT"
    },
    "agent/node_modules/base64-js": {
      "version": "1.5.1",
      "funding": [
        {
          "type": "github",
          "url": "https://github.com/sponsors/feross"
        },
        {
          "type": "patreon",
          "url": "https://www.patreon.com/feross"
        },
        {
          "type": "consulting",
          "url": "https://feross.org/support"
        }
      ],
      "license": "MIT"
    },
    "agent/node_modules/bignumber.js": {
      "version": "9.3.1",
      "license": "MIT",
      "engines": {
        "node": "*"
      }
    },
    "agent/node_modules/ethers": {
      "version": "6.17.0",
      "funding": [
        {
          "type": "individual",
          "url": "https://github.com/sponsors/ethers-io/"
        },
        {
          "type": "individual",
          "url": "https://www.buymeacoffee.com/ricmoo"
        }
      ],
      "license": "MIT",
      "dependencies": {
        "@adraffy/ens-normalize": "1.11.1",
        "@noble/curves": "1.2.0",
        "@noble/hashes": "1.3.2",
        "@types/node": "22.7.5",
        "aes-js": "4.0.0-beta.5",
        "tslib": "2.7.0",
        "ws": "8.21.0"
      },
      "engines": {
        "node": ">=14.0.0"
      }
    },
    "agent/node_modules/fast-deep-equal": {
      "version": "3.1.3",
      "license": "MIT"
    },
    "agent/node_modules/fast-uri": {
      "version": "3.1.4",
      "funding": [
        {
          "type": "github",
          "url": "https://github.com/sponsors/fastify"
        },
        {
          "type": "opencollective",
          "url": "https://opencollective.com/fastify"
        }
      ],
      "license": "BSD-3-Clause"
    },
    "agent/node_modules/inherits": {
      "version": "2.0.4",
      "license": "ISC"
    },
    "agent/node_modules/json-schema-traverse": {
      "version": "1.0.0",
      "license": "MIT"
    },
    "agent/node_modules/minimalistic-assert": {
      "version": "1.0.1",
      "license": "ISC"
    },
    "agent/node_modules/multiformats": {
      "version": "13.4.2",
      "license": "Apache-2.0 OR MIT"
    },
    "agent/node_modules/require-from-string": {
      "version": "2.0.2",
      "license": "MIT",
      "engines": {
        "node": ">=0.10.0"
      }
    },
    "agent/node_modules/safer-buffer": {
      "version": "2.1.2",
      "license": "MIT"
    },
    "agent/node_modules/tslib": {
      "version": "2.7.0",
      "license": "0BSD"
    },
    "agent/node_modules/undici-types": {
      "version": "6.19.8",
      "license": "MIT"
    },
    "agent/node_modules/ws": {
      "version": "8.21.0",
      "license": "MIT",
      "engines": {
        "node": ">=10.0.0"
      },
      "peerDependencies": {
        "bufferutil": "^4.0.1",
        "utf-8-validate": ">=5.0.2"
      },
      "peerDependenciesMeta": {
        "bufferutil": {
          "optional": true
        },
        "utf-8-validate": {
          "optional": true
        }
      }
    },
    "contracts": {
      "name": "p42-prizes-contracts",
      "version": "0.1.0",
      "devDependencies": {
        "@nomicfoundation/hardhat-ethers": "4.0.14",
        "@nomicfoundation/hardhat-node-test-runner": "3.0.17",
        "ajv": "^8.20.0",
        "ajv-formats": "^3.0.1",
        "hardhat": "3.9.1",
        "p42-agent": "0.1.0"
      }
    },
    "contracts/node_modules/@actions/core": {
      "version": "1.11.1",
      "dev": true,
      "license": "MIT",
      "dependencies": {
        "@actions/exec": "^1.1.1",
        "@actions/http-client": "^2.0.1"
      }
    },
    "contracts/node_modules/@actions/core/node_modules/@actions/http-client": {
      "version": "3.0.2",
      "dev": true,
      "license": "MIT",
      "dependencies": {
        "tunnel": "^0.0.6",
        "undici": "^6.23.0"
      }
    },
    "contracts/node_modules/@actions/exec": {
      "version": "1.1.1",
      "dev": true,
      "license": "MIT",
      "dependencies": {
        "@actions/io": "^1.0.1"
      }
    },
    "contracts/node_modules/@actions/io": {
      "version": "1.1.3",
      "dev": true,
      "license": "MIT"
    },
    "contracts/node_modules/@adraffy/ens-normalize": {
      "version": "1.11.1",
      "dev": true,
      "license": "MIT"
    },
    "contracts/node_modules/@esbuild/darwin-arm64": {
      "version": "0.28.1",
      "cpu": [
        "arm64"
      ],
      "dev": true,
      "license": "MIT",
      "optional": true,
      "os": [
        "darwin"
      ],
      "engines": {
        "node": ">=18"
      }
    },
    "contracts/node_modules/@jest/schemas": {
      "version": "29.6.3",
      "dev": true,
      "license": "MIT",
      "dependencies": {
        "@sinclair/typebox": "^0.27.8"
      },
      "engines": {
        "node": "^14.15.0 || ^16.10.0 || >=18.0.0"
      }
    },
    "contracts/node_modules/@noble/curves": {
      "version": "1.4.2",
      "dev": true,
      "license": "MIT",
      "dependencies": {
        "@noble/hashes": "1.4.0"
      },
      "funding": {
        "url": "https://paulmillr.com/funding/"
      }
    },
    "contracts/node_modules/@noble/hashes": {
      "version": "1.4.0",
      "dev": true,
      "license": "MIT",
      "engines": {
        "node": ">= 16"
      },
      "funding": {
        "url": "https://paulmillr.com/funding/"
      }
    },
    "contracts/node_modules/@nomicfoundation/edr": {
      "version": "0.12.1",
      "dev": true,
      "license": "MIT",
      "dependencies": {
        "@nomicfoundation/edr-darwin-arm64": "0.12.1",
        "@nomicfoundation/edr-darwin-x64": "0.12.1",
        "@nomicfoundation/edr-linux-arm64-gnu": "0.12.1",
        "@nomicfoundation/edr-linux-arm64-musl": "0.12.1",
        "@nomicfoundation/edr-linux-x64-gnu": "0.12.1",
        "@nomicfoundation/edr-linux-x64-musl": "0.12.1",
        "@nomicfoundation/edr-win32-x64-msvc": "0.12.1"
      },
      "engines": {
        "node": ">= 20"
      }
    },
    "contracts/node_modules/@nomicfoundation/edr-darwin-arm64": {
      "version": "0.12.1",
      "dev": true,
      "license": "MIT",
      "engines": {
        "node": ">= 20"
      }
    },
    "contracts/node_modules/@nomicfoundation/edr-darwin-x64": {
      "version": "0.12.1",
      "dev": true,
      "license": "MIT",
      "engines": {
        "node": ">= 20"
      }
    },
    "contracts/node_modules/@nomicfoundation/edr-linux-arm64-gnu": {
      "version": "0.12.1",
      "dev": true,
      "license": "MIT",
      "engines": {
        "node": ">= 20"
      }
    },
    "contracts/node_modules/@nomicfoundation/edr-linux-arm64-musl": {
      "version": "0.12.1",
      "dev": true,
      "license": "MIT",
      "engines": {
        "node": ">= 20"
      }
    },
    "contracts/node_modules/@nomicfoundation/edr-linux-x64-gnu": {
      "version": "0.12.1",
      "dev": true,
      "license": "MIT",
      "engines": {
        "node": ">= 20"
      }
    },
    "contracts/node_modules/@nomicfoundation/edr-linux-x64-musl": {
      "version": "0.12.1",
      "dev": true,
      "license": "MIT",
      "engines": {
        "node": ">= 20"
      }
    },
    "contracts/node_modules/@nomicfoundation/edr-win32-x64-msvc": {
      "version": "0.12.1",
      "dev": true,
      "license": "MIT",
      "engines": {
        "node": ">= 20"
      }
    },
    "contracts/node_modules/@nomicfoundation/hardhat-errors": {
      "version": "3.0.16",
      "dev": true,
      "license": "MIT",
      "dependencies": {
        "@nomicfoundation/hardhat-utils": "^4.1.4"
      }
    },
    "contracts/node_modules/@nomicfoundation/hardhat-ethers": {
      "version": "4.0.14",
      "dev": true,
      "license": "MIT",
      "dependencies": {
        "@nomicfoundation/hardhat-errors": "^3.0.16",
        "@nomicfoundation/hardhat-utils": "^4.1.4",
        "@nomicfoundation/hardhat-zod-utils": "^3.0.5",
        "ethereum-cryptography": "^2.2.1",
        "ethers": "^6.14.0",
        "zod": "^3.23.8"
      },
      "peerDependencies": {
        "hardhat": "^3.8.0"
      }
    },
    "contracts/node_modules/@nomicfoundation/hardhat-node-test-reporter": {
      "version": "3.1.0",
      "dev": true,
      "license": "MIT",
      "dependencies": {
        "@actions/core": "^1.10.1",
        "jest-diff": "^29.7.0"
      }
    },
    "contracts/node_modules/@nomicfoundation/hardhat-node-test-runner": {
      "version": "3.0.17",
      "dev": true,
      "license": "MIT",
      "dependencies": {
        "@nomicfoundation/hardhat-errors": "^3.0.15",
        "@nomicfoundation/hardhat-node-test-reporter": "^3.1.0",
        "@nomicfoundation/hardhat-utils": "^4.1.2",
        "@nomicfoundation/hardhat-zod-utils": "^3.0.5",
        "tsx": "^4.19.3",
        "zod": "^3.23.8"
      },
      "peerDependencies": {
        "hardhat": "^3.8.0"
      }
    },
    "contracts/node_modules/@nomicfoundation/hardhat-utils": {
      "version": "4.1.4",
      "dev": true,
      "license": "MIT",
      "dependencies": {
        "@streamparser/json-node": "^0.0.22",
        "env-paths": "^2.2.0",
        "ethereum-cryptography": "^2.2.1",
        "fast-equals": "^5.4.0",
        "json-stream-stringify": "^3.1.6",
        "rfdc": "^1.3.1",
        "undici": "^6.16.1"
      }
    },
    "contracts/node_modules/@nomicfoundation/hardhat-vendored": {
      "version": "3.0.4",
      "dev": true,
      "license": "MIT"
    },
    "contracts/node_modules/@nomicfoundation/hardhat-zod-utils": {
      "version": "3.0.5",
      "dev": true,
      "license": "MIT",
      "dependencies": {
        "@nomicfoundation/hardhat-errors": "^3.0.13",
        "@nomicfoundation/hardhat-utils": "^4.1.2"
      },
      "peerDependencies": {
        "zod": "^3.23.8"
      }
    },
    "contracts/node_modules/@nomicfoundation/solidity-analyzer": {
      "version": "0.1.2",
      "dev": true,
      "license": "MIT",
      "engines": {
        "node": ">= 12"
      },
      "optionalDependencies": {
        "@nomicfoundation/solidity-analyzer-darwin-arm64": "0.1.2",
        "@nomicfoundation/solidity-analyzer-darwin-x64": "0.1.2",
        "@nomicfoundation/solidity-analyzer-linux-arm64-gnu": "0.1.2",
        "@nomicfoundation/solidity-analyzer-linux-arm64-musl": "0.1.2",
        "@nomicfoundation/solidity-analyzer-linux-x64-gnu": "0.1.2",
        "@nomicfoundation/solidity-analyzer-linux-x64-musl": "0.1.2",
        "@nomicfoundation/solidity-analyzer-win32-x64-msvc": "0.1.2"
      }
    },
    "contracts/node_modules/@nomicfoundation/solidity-analyzer-darwin-arm64": {
      "version": "0.1.2",
      "dev": true,
      "license": "MIT",
      "optional": true,
      "engines": {
        "node": ">= 12"
      }
    },
    "contracts/node_modules/@nomicfoundation/solidity-analyzer-darwin-x64": {
      "version": "0.1.2",
      "dev": true,
      "license": "MIT",
      "optional": true,
      "engines": {
        "node": ">= 12"
      }
    },
    "contracts/node_modules/@nomicfoundation/solidity-analyzer-linux-arm64-gnu": {
      "version": "0.1.2",
      "dev": true,
      "license": "MIT",
      "optional": true,
      "engines": {
        "node": ">= 12"
      }
    },
    "contracts/node_modules/@nomicfoundation/solidity-analyzer-linux-arm64-musl": {
      "version": "0.1.2",
      "dev": true,
      "license": "MIT",
      "optional": true,
      "engines": {
        "node": ">= 12"
      }
    },
    "contracts/node_modules/@nomicfoundation/solidity-analyzer-linux-x64-gnu": {
      "version": "0.1.2",
      "dev": true,
      "license": "MIT",
      "optional": true,
      "engines": {
        "node": ">= 12"
      }
    },
    "contracts/node_modules/@nomicfoundation/solidity-analyzer-linux-x64-musl": {
      "version": "0.1.2",
      "dev": true,
      "license": "MIT",
      "optional": true,
      "engines": {
        "node": ">= 12"
      }
    },
    "contracts/node_modules/@nomicfoundation/solidity-analyzer-win32-x64-msvc": {
      "version": "0.1.2",
      "dev": true,
      "license": "MIT",
      "optional": true,
      "engines": {
        "node": ">= 12"
      }
    },
    "contracts/node_modules/@scure/base": {
      "version": "1.1.9",
      "dev": true,
      "license": "MIT",
      "funding": {
        "url": "https://paulmillr.com/funding/"
      }
    },
    "contracts/node_modules/@scure/bip32": {
      "version": "1.4.0",
      "dev": true,
      "license": "MIT",
      "dependencies": {
        "@noble/curves": "~1.4.0",
        "@noble/hashes": "~1.4.0",
        "@scure/base": "~1.1.6"
      },
      "funding": {
        "url": "https://paulmillr.com/funding/"
      }
    },
    "contracts/node_modules/@scure/bip39": {
      "version": "1.3.0",
      "dev": true,
      "license": "MIT",
      "dependencies": {
        "@noble/hashes": "~1.4.0",
        "@scure/base": "~1.1.6"
      },
      "funding": {
        "url": "https://paulmillr.com/funding/"
      }
    },
    "contracts/node_modules/@sentry/core": {
      "version": "9.47.1",
      "dev": true,
      "license": "MIT",
      "engines": {
        "node": ">=18"
      }
    },
    "contracts/node_modules/@sinclair/typebox": {
      "version": "0.27.10",
      "dev": true,
      "license": "MIT"
    },
    "contracts/node_modules/@streamparser/json": {
      "version": "0.0.22",
      "dev": true,
      "license": "MIT"
    },
    "contracts/node_modules/@streamparser/json-node": {
      "version": "0.0.22",
      "dev": true,
      "license": "MIT",
      "dependencies": {
        "@streamparser/json": "^0.0.22"
      }
    },
    "contracts/node_modules/@types/node": {
      "version": "22.7.5",
      "dev": true,
      "license": "MIT",
      "dependencies": {
        "undici-types": "~6.19.2"
      }
    },
    "contracts/node_modules/adm-zip": {
      "version": "0.6.0",
      "dev": true,
      "license": "MIT",
      "engines": {
        "node": ">=14.0"
      }
    },
    "contracts/node_modules/aes-js": {
      "version": "4.0.0-beta.5",
      "dev": true,
      "license": "MIT"
    },
    "contracts/node_modules/ajv": {
      "version": "8.20.0",
      "dev": true,
      "license": "MIT",
      "dependencies": {
        "fast-deep-equal": "^3.1.3",
        "fast-uri": "^3.0.1",
        "json-schema-traverse": "^1.0.0",
        "require-from-string": "^2.0.2"
      },
      "funding": {
        "type": "github",
        "url": "https://github.com/sponsors/epoberezkin"
      }
    },
    "contracts/node_modules/ajv-formats": {
      "version": "3.0.1",
      "dev": true,
      "license": "MIT",
      "dependencies": {
        "ajv": "^8.0.0"
      },
      "peerDependencies": {
        "ajv": "^8.0.0"
      },
      "peerDependenciesMeta": {
        "ajv": {
          "optional": true
        }
      }
    },
    "contracts/node_modules/ansi-colors": {
      "version": "4.1.3",
      "dev": true,
      "license": "MIT",
      "engines": {
        "node": ">=6"
      }
    },
    "contracts/node_modules/ansi-regex": {
      "version": "5.0.1",
      "dev": true,
      "license": "MIT",
      "engines": {
        "node": ">=8"
      }
    },
    "contracts/node_modules/ansi-styles": {
      "version": "4.3.0",
      "dev": true,
      "license": "MIT",
      "dependencies": {
        "color-convert": "^2.0.1"
      },
      "engines": {
        "node": ">=8"
      },
      "funding": {
        "url": "https://github.com/chalk/ansi-styles?sponsor=1"
      }
    },
    "contracts/node_modules/chalk": {
      "version": "4.1.2",
      "dev": true,
      "license": "MIT",
      "dependencies": {
        "ansi-styles": "^4.1.0",
        "supports-color": "^7.1.0"
      },
      "engines": {
        "node": ">=10"
      },
      "funding": {
        "url": "https://github.com/chalk/chalk?sponsor=1"
      }
    },
    "contracts/node_modules/chalk/node_modules/supports-color": {
      "version": "7.2.0",
      "dev": true,
      "license": "MIT",
      "dependencies": {
        "has-flag": "^4.0.0"
      },
      "engines": {
        "node": ">=8"
      }
    },
    "contracts/node_modules/chokidar": {
      "version": "4.0.3",
      "dev": true,
      "license": "MIT",
      "dependencies": {
        "readdirp": "^4.0.1"
      },
      "engines": {
        "node": ">= 14.16.0"
      },
      "funding": {
        "url": "https://paulmillr.com/funding/"
      }
    },
    "contracts/node_modules/color-convert": {
      "version": "2.0.1",
      "dev": true,
      "license": "MIT",
      "dependencies": {
        "color-name": "~1.1.4"
      },
      "engines": {
        "node": ">=7.0.0"
      }
    },
    "contracts/node_modules/color-name": {
      "version": "1.1.4",
      "dev": true,
      "license": "MIT"
    },
    "contracts/node_modules/diff-sequences": {
      "version": "29.6.3",
      "dev": true,
      "license": "MIT",
      "engines": {
        "node": "^14.15.0 || ^16.10.0 || >=18.0.0"
      }
    },
    "contracts/node_modules/enquirer": {
      "version": "2.4.1",
      "dev": true,
      "license": "MIT",
      "dependencies": {
        "ansi-colors": "^4.1.1",
        "strip-ansi": "^6.0.1"
      },
      "engines": {
        "node": ">=8.6"
      }
    },
    "contracts/node_modules/env-paths": {
      "version": "2.2.1",
      "dev": true,
      "license": "MIT",
      "engines": {
        "node": ">=6"
      }
    },
    "contracts/node_modules/esbuild": {
      "version": "0.28.1",
      "dev": true,
      "hasInstallScript": true,
      "license": "MIT",
      "bin": {
        "esbuild": "bin/esbuild"
      },
      "engines": {
        "node": ">=18"
      },
      "optionalDependencies": {
        "@esbuild/aix-ppc64": "0.28.1",
        "@esbuild/android-arm": "0.28.1",
        "@esbuild/android-arm64": "0.28.1",
        "@esbuild/android-x64": "0.28.1",
        "@esbuild/darwin-arm64": "0.28.1",
        "@esbuild/darwin-x64": "0.28.1",
        "@esbuild/freebsd-arm64": "0.28.1",
        "@esbuild/freebsd-x64": "0.28.1",
        "@esbuild/linux-arm": "0.28.1",
        "@esbuild/linux-arm64": "0.28.1",
        "@esbuild/linux-ia32": "0.28.1",
        "@esbuild/linux-loong64": "0.28.1",
        "@esbuild/linux-mips64el": "0.28.1",
        "@esbuild/linux-ppc64": "0.28.1",
        "@esbuild/linux-riscv64": "0.28.1",
        "@esbuild/linux-s390x": "0.28.1",
        "@esbuild/linux-x64": "0.28.1",
        "@esbuild/netbsd-arm64": "0.28.1",
        "@esbuild/netbsd-x64": "0.28.1",
        "@esbuild/openbsd-arm64": "0.28.1",
        "@esbuild/openbsd-x64": "0.28.1",
        "@esbuild/openharmony-arm64": "0.28.1",
        "@esbuild/sunos-x64": "0.28.1",
        "@esbuild/win32-arm64": "0.28.1",
        "@esbuild/win32-ia32": "0.28.1",
        "@esbuild/win32-x64": "0.28.1"
      }
    },
    "contracts/node_modules/ethereum-cryptography": {
      "version": "2.2.1",
      "dev": true,
      "license": "MIT",
      "dependencies": {
        "@noble/curves": "1.4.2",
        "@noble/hashes": "1.4.0",
        "@scure/bip32": "1.4.0",
        "@scure/bip39": "1.3.0"
      }
    },
    "contracts/node_modules/ethers": {
      "version": "6.17.0",
      "dev": true,
      "funding": [
        {
          "type": "individual",
          "url": "https://github.com/sponsors/ethers-io/"
        },
        {
          "type": "individual",
          "url": "https://www.buymeacoffee.com/ricmoo"
        }
      ],
      "license": "MIT",
      "dependencies": {
        "@adraffy/ens-normalize": "1.11.1",
        "@noble/curves": "1.2.0",
        "@noble/hashes": "1.3.2",
        "@types/node": "22.7.5",
        "aes-js": "4.0.0-beta.5",
        "tslib": "2.7.0",
        "ws": "8.21.0"
      },
      "engines": {
        "node": ">=14.0.0"
      }
    },
    "contracts/node_modules/ethers/node_modules/@noble/curves": {
      "version": "1.2.0",
      "dev": true,
      "license": "MIT",
      "dependencies": {
        "@noble/hashes": "1.3.2"
      },
      "funding": {
        "url": "https://paulmillr.com/funding/"
      }
    },
    "contracts/node_modules/ethers/node_modules/@noble/hashes": {
      "version": "1.3.2",
      "dev": true,
      "license": "MIT",
      "engines": {
        "node": ">= 16"
      },
      "funding": {
        "url": "https://paulmillr.com/funding/"
      }
    },
    "contracts/node_modules/fast-deep-equal": {
      "version": "3.1.3",
      "dev": true,
      "license": "MIT"
    },
    "contracts/node_modules/fast-equals": {
      "version": "5.4.0",
      "dev": true,
      "license": "MIT",
      "engines": {
        "node": ">=6.0.0"
      }
    },
    "contracts/node_modules/fast-uri": {
      "version": "3.1.4",
      "dev": true,
      "funding": [
        {
          "type": "github",
          "url": "https://github.com/sponsors/fastify"
        },
        {
          "type": "opencollective",
          "url": "https://opencollective.com/fastify"
        }
      ],
      "license": "BSD-3-Clause"
    },
    "contracts/node_modules/fsevents": {
      "version": "2.3.3",
      "dev": true,
      "license": "MIT",
      "optional": true,
      "os": [
        "darwin"
      ],
      "engines": {
        "node": "^8.16.0 || ^10.6.0 || >=11.0.0"
      }
    },
    "contracts/node_modules/hardhat": {
      "version": "3.9.1",
      "dev": true,
      "license": "MIT",
      "peer": true,
      "dependencies": {
        "@nomicfoundation/edr": "0.12.1",
        "@nomicfoundation/hardhat-errors": "^3.0.16",
        "@nomicfoundation/hardhat-utils": "^4.1.4",
        "@nomicfoundation/hardhat-vendored": "^3.0.4",
        "@nomicfoundation/hardhat-zod-utils": "^3.0.5",
        "@nomicfoundation/solidity-analyzer": "^0.1.1",
        "@sentry/core": "^9.4.0",
        "adm-zip": "^0.4.16",
        "chokidar": "^4.0.3",
        "enquirer": "^2.3.0",
        "ethereum-cryptography": "^2.2.1",
        "micro-eth-signer": "^0.14.0",
        "p-map": "^7.0.2",
        "resolve.exports": "^2.0.3",
        "semver": "^7.6.3",
        "tsx": "^4.19.3",
        "ws": "^8.18.0",
        "zod": "^3.23.8"
      },
      "bin": {
        "hardhat": "dist/src/cli.js"
      }
    },
    "contracts/node_modules/has-flag": {
      "version": "4.0.0",
      "dev": true,
      "license": "MIT",
      "engines": {
        "node": ">=8"
      }
    },
    "contracts/node_modules/jest-diff": {
      "version": "29.7.0",
      "dev": true,
      "license": "MIT",
      "dependencies": {
        "chalk": "^4.0.0",
        "diff-sequences": "^29.6.3",
        "jest-get-type": "^29.6.3",
        "pretty-format": "^29.7.0"
      },
      "engines": {
        "node": "^14.15.0 || ^16.10.0 || >=18.0.0"
      }
    },
    "contracts/node_modules/jest-get-type": {
      "version": "29.6.3",
      "dev": true,
      "license": "MIT",
      "engines": {
        "node": "^14.15.0 || ^16.10.0 || >=18.0.0"
      }
    },
    "contracts/node_modules/json-schema-traverse": {
      "version": "1.0.0",
      "dev": true,
      "license": "MIT"
    },
    "contracts/node_modules/json-stream-stringify": {
      "version": "3.1.7",
      "dev": true,
      "license": "MIT",
      "engines": {
        "node": ">=7.10.1"
      }
    },
    "contracts/node_modules/micro-eth-signer": {
      "version": "0.14.0",
      "dev": true,
      "license": "MIT",
      "dependencies": {
        "@noble/curves": "~1.8.1",
        "@noble/hashes": "~1.7.1",
        "micro-packed": "~0.7.2"
      }
    },
    "contracts/node_modules/micro-eth-signer/node_modules/@noble/curves": {
      "version": "1.8.2",
      "dev": true,
      "license": "MIT",
      "dependencies": {
        "@noble/hashes": "1.7.2"
      },
      "engines": {
        "node": "^14.21.3 || >=16"
      },
      "funding": {
        "url": "https://paulmillr.com/funding/"
      }
    },
    "contracts/node_modules/micro-eth-signer/node_modules/@noble/hashes": {
      "version": "1.7.2",
      "dev": true,
      "license": "MIT",
      "engines": {
        "node": "^14.21.3 || >=16"
      },
      "funding": {
        "url": "https://paulmillr.com/funding/"
      }
    },
    "contracts/node_modules/micro-packed": {
      "version": "0.7.3",
      "dev": true,
      "license": "MIT",
      "dependencies": {
        "@scure/base": "~1.2.5"
      },
      "funding": {
        "url": "https://paulmillr.com/funding/"
      }
    },
    "contracts/node_modules/micro-packed/node_modules/@scure/base": {
      "version": "1.2.6",
      "dev": true,
      "license": "MIT",
      "funding": {
        "url": "https://paulmillr.com/funding/"
      }
    },
    "contracts/node_modules/p-map": {
      "version": "7.0.5",
      "dev": true,
      "license": "MIT",
      "engines": {
        "node": ">=18"
      },
      "funding": {
        "url": "https://github.com/sponsors/sindresorhus"
      }
    },
    "contracts/node_modules/pretty-format": {
      "version": "29.7.0",
      "dev": true,
      "license": "MIT",
      "dependencies": {
        "@jest/schemas": "^29.6.3",
        "ansi-styles": "^5.0.0",
        "react-is": "^18.0.0"
      },
      "engines": {
        "node": "^14.15.0 || ^16.10.0 || >=18.0.0"
      }
    },
    "contracts/node_modules/pretty-format/node_modules/ansi-styles": {
      "version": "5.2.0",
      "dev": true,
      "license": "MIT",
      "engines": {
        "node": ">=10"
      },
      "funding": {
        "url": "https://github.com/chalk/ansi-styles?sponsor=1"
      }
    },
    "contracts/node_modules/react-is": {
      "version": "18.3.1",
      "dev": true,
      "license": "MIT"
    },
    "contracts/node_modules/readdirp": {
      "version": "4.1.2",
      "dev": true,
      "license": "MIT",
      "engines": {
        "node": ">= 14.18.0"
      },
      "funding": {
        "type": "individual",
        "url": "https://paulmillr.com/funding/"
      }
    },
    "contracts/node_modules/require-from-string": {
      "version": "2.0.2",
      "dev": true,
      "license": "MIT",
      "engines": {
        "node": ">=0.10.0"
      }
    },
    "contracts/node_modules/resolve.exports": {
      "version": "2.0.3",
      "dev": true,
      "license": "MIT",
      "engines": {
        "node": ">=10"
      }
    },
    "contracts/node_modules/rfdc": {
      "version": "1.4.1",
      "dev": true,
      "license": "MIT"
    },
    "contracts/node_modules/semver": {
      "version": "7.8.5",
      "dev": true,
      "license": "ISC",
      "bin": {
        "semver": "bin/semver.js"
      },
      "engines": {
        "node": ">=10"
      }
    },
    "contracts/node_modules/strip-ansi": {
      "version": "6.0.1",
      "dev": true,
      "license": "MIT",
      "dependencies": {
        "ansi-regex": "^5.0.1"
      },
      "engines": {
        "node": ">=8"
      }
    },
    "contracts/node_modules/tslib": {
      "version": "2.7.0",
      "dev": true,
      "license": "0BSD"
    },
    "contracts/node_modules/tsx": {
      "version": "4.23.0",
      "dev": true,
      "license": "MIT",
      "dependencies": {
        "esbuild": "~0.28.0"
      },
      "bin": {
        "tsx": "dist/cli.mjs"
      },
      "engines": {
        "node": ">=18.0.0"
      },
      "optionalDependencies": {
        "fsevents": "~2.3.3"
      }
    },
    "contracts/node_modules/tunnel": {
      "version": "0.0.6",
      "dev": true,
      "license": "MIT",
      "engines": {
        "node": ">=0.6.11 <=0.7.0 || >=0.7.3"
      }
    },
    "contracts/node_modules/undici": {
      "version": "6.27.0",
      "dev": true,
      "license": "MIT",
      "engines": {
        "node": ">=18.17"
      }
    },
    "contracts/node_modules/undici-types": {
      "version": "6.19.8",
      "dev": true,
      "license": "MIT"
    },
    "contracts/node_modules/ws": {
      "version": "8.21.0",
      "dev": true,
      "license": "MIT",
      "engines": {
        "node": ">=10.0.0"
      },
      "peerDependencies": {
        "bufferutil": "^4.0.1",
        "utf-8-validate": ">=5.0.2"
      },
      "peerDependenciesMeta": {
        "bufferutil": {
          "optional": true
        },
        "utf-8-validate": {
          "optional": true
        }
      }
    },
    "contracts/node_modules/zod": {
      "version": "3.25.76",
      "dev": true,
      "license": "MIT",
      "peer": true,
      "funding": {
        "url": "https://github.com/sponsors/colinhacks"
      }
    },
    "node_modules/p42-agent": {
      "resolved": "agent",
      "link": true
    },
    "node_modules/p42-prizes-contracts": {
      "resolved": "contracts",
      "link": true
    }
  }
}
